
Microsoft Visual Studio Solution File, Format Version 12.00
# Visual Studio 2013
VisualStudioVersion = 12.0.40629.0
MinimumVisualStudioVersion = 10.0.40219.1
Project("{FAE04EC0-301F-11D3-BF4B-00C04F79EFBC}") = "01.AVLTree", "01.AVLTree\01.AVLTree.csproj", "{51619A8F-8F27-4E6D-A545-066A22ACB2AA}"
EndProject
Project("{FAE04EC0-301F-11D3-BF4B-00C04F79EFBC}") = "01.AVLTreeTests", "01.AVLTreeTests\01.AVLTreeTests.csproj", "{D1A91C64-D787-4D87-A6D2-874FE73E23E0}"
EndProject
Project("{FAE04EC0-301F-11D3-BF4B-00C04F79EFBC}") = "02.RangeInTree", "02.RangeInTree\02.RangeInTree.csproj", "{6F457E18-1EC8-46CD-BA61-FAB976F3925F}"
EndProject
Global
	GlobalSection(SolutionConfigurationPlatforms) = preSolution
		Debug|Any CPU = Debug|Any CPU
		Release|Any CPU = Release|Any CPU
	EndGlobalSection
	GlobalSection(ProjectConfigurationPlatforms) = postSolution
		{51619A8F-8F27-4E6D-A545-066A22ACB2AA}.Debug|Any CPU.ActiveCfg = Debug|Any CPU
		{51619A8F-8F27-4E6D-A545-066A22ACB2AA}.Debug|Any CPU.Build.0 = Debug|Any CPU
		{51619A8F-8F27-4E6D-A545-066A22ACB2AA}.Release|Any CPU.ActiveCfg = Release|Any CPU
		{51619A8F-8F27-4E6D-A545-066A22ACB2AA}.Release|Any CPU.Build.0 = Release|Any CPU
		{D1A91C64-D787-4D87-A6D2-874FE73E23E0}.Debug|Any CPU.ActiveCfg = Debug|Any CPU
		{D1A91C64-D787-4D87-A6D2-874FE73E23E0}.Debug|Any CPU.Build.0 = Debug|Any CPU
		{D1A91C64-D787-4D87-A6D2-874FE73E23E0}.Release|Any CPU.ActiveCfg = Release|Any CPU
		{D1A91C64-D787-4D87-A6D2-874FE73E23E0}.Release|Any CPU.Build.0 = Release|Any CPU
		{6F457E18-1EC8-46CD-BA61-FAB976F3925F}.Debug|Any CPU.ActiveCfg = Debug|Any CPU
		{6F457E18-1EC8-46CD-BA61-FAB976F3925F}.Debug|Any CPU.Build.0 = Debug|Any CPU
		{6F457E18-1EC8-46CD-BA61-FAB976F3925F}.Release|Any CPU.ActiveCfg = Release|Any CPU
		{6F457E18-1EC8-46CD-BA61-FAB976F3925F}.Release|Any CPU.Build.0 = Release|Any CPU
	EndGlobalSection
	GlobalSection(SolutionProperties) = preSolution
		HideSolutionNode = FALSE
	EndGlobalSection
EndGlobal
