
Microsoft Visual Studio Solution File, Format Version 12.00
# Visual Studio 14
VisualStudioVersion = 14.0.23107.0
MinimumVisualStudioVersion = 10.0.40219.1
Project("{FAE04EC0-301F-11D3-BF4B-00C04F79EFBC}") = "Problem1ArrayManipulator", "Problem1ArrayManipulator\Problem1ArrayManipulator.csproj", "{1FCFB2F5-A2C1-4ED5-962A-49C437637CF5}"
EndProject
Project("{FAE04EC0-301F-11D3-BF4B-00C04F79EFBC}") = "Problem2RadioactiveBunnies", "Problem2RadioactiveBunnies\Problem2RadioactiveBunnies.csproj", "{F5CC101B-46A5-448E-95D0-820A0EF8214F}"
EndProject
Global
	GlobalSection(SolutionConfigurationPlatforms) = preSolution
		Debug|Any CPU = Debug|Any CPU
		Release|Any CPU = Release|Any CPU
	EndGlobalSection
	GlobalSection(ProjectConfigurationPlatforms) = postSolution
		{1FCFB2F5-A2C1-4ED5-962A-49C437637CF5}.Debug|Any CPU.ActiveCfg = Debug|Any CPU
		{1FCFB2F5-A2C1-4ED5-962A-49C437637CF5}.Debug|Any CPU.Build.0 = Debug|Any CPU
		{1FCFB2F5-A2C1-4ED5-962A-49C437637CF5}.Release|Any CPU.ActiveCfg = Release|Any CPU
		{1FCFB2F5-A2C1-4ED5-962A-49C437637CF5}.Release|Any CPU.Build.0 = Release|Any CPU
		{F5CC101B-46A5-448E-95D0-820A0EF8214F}.Debug|Any CPU.ActiveCfg = Debug|Any CPU
		{F5CC101B-46A5-448E-95D0-820A0EF8214F}.Debug|Any CPU.Build.0 = Debug|Any CPU
		{F5CC101B-46A5-448E-95D0-820A0EF8214F}.Release|Any CPU.ActiveCfg = Release|Any CPU
		{F5CC101B-46A5-448E-95D0-820A0EF8214F}.Release|Any CPU.Build.0 = Release|Any CPU
	EndGlobalSection
	GlobalSection(SolutionProperties) = preSolution
		HideSolutionNode = FALSE
	EndGlobalSection
EndGlobal
