
Microsoft Visual Studio Solution File, Format Version 12.00
# Visual Studio 2013
VisualStudioVersion = 12.0.40629.0
MinimumVisualStudioVersion = 10.0.40219.1
Project("{FAE04EC0-301F-11D3-BF4B-00C04F79EFBC}") = "01.EventsInGivenDateRange", "01.EventsInGivenDateRange\01.EventsInGivenDateRange.csproj", "{95C035EB-B81C-4C66-ACE1-7738C0A089FB}"
EndProject
Project("{FAE04EC0-301F-11D3-BF4B-00C04F79EFBC}") = "02.RopeForEfficientStringEditing", "02.RopeForEfficientStringEditing\02.RopeForEfficientStringEditing.csproj", "{8B9C6462-9C21-4BAF-9BBC-867565170FD3}"
EndProject
Global
	GlobalSection(SolutionConfigurationPlatforms) = preSolution
		Debug|Any CPU = Debug|Any CPU
		Release|Any CPU = Release|Any CPU
	EndGlobalSection
	GlobalSection(ProjectConfigurationPlatforms) = postSolution
		{95C035EB-B81C-4C66-ACE1-7738C0A089FB}.Debug|Any CPU.ActiveCfg = Debug|Any CPU
		{95C035EB-B81C-4C66-ACE1-7738C0A089FB}.Debug|Any CPU.Build.0 = Debug|Any CPU
		{95C035EB-B81C-4C66-ACE1-7738C0A089FB}.Release|Any CPU.ActiveCfg = Release|Any CPU
		{95C035EB-B81C-4C66-ACE1-7738C0A089FB}.Release|Any CPU.Build.0 = Release|Any CPU
		{8B9C6462-9C21-4BAF-9BBC-867565170FD3}.Debug|Any CPU.ActiveCfg = Debug|Any CPU
		{8B9C6462-9C21-4BAF-9BBC-867565170FD3}.Debug|Any CPU.Build.0 = Debug|Any CPU
		{8B9C6462-9C21-4BAF-9BBC-867565170FD3}.Release|Any CPU.ActiveCfg = Release|Any CPU
		{8B9C6462-9C21-4BAF-9BBC-867565170FD3}.Release|Any CPU.Build.0 = Release|Any CPU
	EndGlobalSection
	GlobalSection(SolutionProperties) = preSolution
		HideSolutionNode = FALSE
	EndGlobalSection
EndGlobal
