
Microsoft Visual Studio Solution File, Format Version 12.00
# Visual Studio 14
VisualStudioVersion = 14.0.23107.0
MinimumVisualStudioVersion = 10.0.40219.1
Project("{FAE04EC0-301F-11D3-BF4B-00C04F79EFBC}") = "CustomGenericList", "CustomGenericList\CustomGenericList.csproj", "{222500A1-417C-4426-80BC-1720D5F4B776}"
EndProject
Project("{2150E333-8FDC-42A3-9474-1A3956D46DE8}") = "Code-Smells", "Code-Smells", "{ECD598CB-619A-46D3-98CF-C7F31546D344}"
EndProject
Project("{FAE04EC0-301F-11D3-BF4B-00C04F79EFBC}") = "Bloaters", "Bloaters\Bloaters.csproj", "{E7CBFDCA-9C43-4265-8ED0-C7B7A4FB1C95}"
EndProject
Project("{FAE04EC0-301F-11D3-BF4B-00C04F79EFBC}") = "ChangePreventers", "ChangePreventers\ChangePreventers.csproj", "{6BF43809-71EA-4DA0-B71D-DA3FB04A8C51}"
EndProject
Project("{FAE04EC0-301F-11D3-BF4B-00C04F79EFBC}") = "ObjectOrientedAbusers", "ObjectOrientedAbusers\ObjectOrientedAbusers.csproj", "{25BC1716-0AD2-4A66-8F67-2F1B9B5AF113}"
EndProject
Project("{FAE04EC0-301F-11D3-BF4B-00C04F79EFBC}") = "RefactoringPatterns", "RefactoringPatterns\RefactoringPatterns.csproj", "{AB40A30A-AECD-4BA2-9EBC-5FDA7CDAB2E2}"
EndProject
Global
	GlobalSection(SolutionConfigurationPlatforms) = preSolution
		Debug|Any CPU = Debug|Any CPU
		Release|Any CPU = Release|Any CPU
	EndGlobalSection
	GlobalSection(ProjectConfigurationPlatforms) = postSolution
		{222500A1-417C-4426-80BC-1720D5F4B776}.Debug|Any CPU.ActiveCfg = Debug|Any CPU
		{222500A1-417C-4426-80BC-1720D5F4B776}.Debug|Any CPU.Build.0 = Debug|Any CPU
		{222500A1-417C-4426-80BC-1720D5F4B776}.Release|Any CPU.ActiveCfg = Release|Any CPU
		{222500A1-417C-4426-80BC-1720D5F4B776}.Release|Any CPU.Build.0 = Release|Any CPU
		{E7CBFDCA-9C43-4265-8ED0-C7B7A4FB1C95}.Debug|Any CPU.ActiveCfg = Debug|Any CPU
		{E7CBFDCA-9C43-4265-8ED0-C7B7A4FB1C95}.Debug|Any CPU.Build.0 = Debug|Any CPU
		{E7CBFDCA-9C43-4265-8ED0-C7B7A4FB1C95}.Release|Any CPU.ActiveCfg = Release|Any CPU
		{E7CBFDCA-9C43-4265-8ED0-C7B7A4FB1C95}.Release|Any CPU.Build.0 = Release|Any CPU
		{6BF43809-71EA-4DA0-B71D-DA3FB04A8C51}.Debug|Any CPU.ActiveCfg = Debug|Any CPU
		{6BF43809-71EA-4DA0-B71D-DA3FB04A8C51}.Debug|Any CPU.Build.0 = Debug|Any CPU
		{6BF43809-71EA-4DA0-B71D-DA3FB04A8C51}.Release|Any CPU.ActiveCfg = Release|Any CPU
		{6BF43809-71EA-4DA0-B71D-DA3FB04A8C51}.Release|Any CPU.Build.0 = Release|Any CPU
		{25BC1716-0AD2-4A66-8F67-2F1B9B5AF113}.Debug|Any CPU.ActiveCfg = Debug|Any CPU
		{25BC1716-0AD2-4A66-8F67-2F1B9B5AF113}.Debug|Any CPU.Build.0 = Debug|Any CPU
		{25BC1716-0AD2-4A66-8F67-2F1B9B5AF113}.Release|Any CPU.ActiveCfg = Release|Any CPU
		{25BC1716-0AD2-4A66-8F67-2F1B9B5AF113}.Release|Any CPU.Build.0 = Release|Any CPU
		{AB40A30A-AECD-4BA2-9EBC-5FDA7CDAB2E2}.Debug|Any CPU.ActiveCfg = Debug|Any CPU
		{AB40A30A-AECD-4BA2-9EBC-5FDA7CDAB2E2}.Debug|Any CPU.Build.0 = Debug|Any CPU
		{AB40A30A-AECD-4BA2-9EBC-5FDA7CDAB2E2}.Release|Any CPU.ActiveCfg = Release|Any CPU
		{AB40A30A-AECD-4BA2-9EBC-5FDA7CDAB2E2}.Release|Any CPU.Build.0 = Release|Any CPU
	EndGlobalSection
	GlobalSection(SolutionProperties) = preSolution
		HideSolutionNode = FALSE
	EndGlobalSection
	GlobalSection(NestedProjects) = preSolution
		{E7CBFDCA-9C43-4265-8ED0-C7B7A4FB1C95} = {ECD598CB-619A-46D3-98CF-C7F31546D344}
		{6BF43809-71EA-4DA0-B71D-DA3FB04A8C51} = {ECD598CB-619A-46D3-98CF-C7F31546D344}
		{25BC1716-0AD2-4A66-8F67-2F1B9B5AF113} = {ECD598CB-619A-46D3-98CF-C7F31546D344}
	EndGlobalSection
EndGlobal
