
Microsoft Visual Studio Solution File, Format Version 12.00
# Visual Studio 14
VisualStudioVersion = 14.0.23107.0
MinimumVisualStudioVersion = 10.0.40219.1
Project("{FAE04EC0-301F-11D3-BF4B-00C04F79EFBC}") = "Problem 1 Match Full Name", "Problem 1 Match Full Name\Problem 1 Match Full Name.csproj", "{3756CE8D-DFA6-4B27-99A3-43AF73412F26}"
EndProject
Project("{FAE04EC0-301F-11D3-BF4B-00C04F79EFBC}") = "Problem 2. Match Phone Number", "Problem 2. Match Phone Number\Problem 2. Match Phone Number.csproj", "{90EA34FE-2DCA-49A6-84B9-810FCB8586BA}"
EndProject
Global
	GlobalSection(SolutionConfigurationPlatforms) = preSolution
		Debug|Any CPU = Debug|Any CPU
		Release|Any CPU = Release|Any CPU
	EndGlobalSection
	GlobalSection(ProjectConfigurationPlatforms) = postSolution
		{3756CE8D-DFA6-4B27-99A3-43AF73412F26}.Debug|Any CPU.ActiveCfg = Debug|Any CPU
		{3756CE8D-DFA6-4B27-99A3-43AF73412F26}.Debug|Any CPU.Build.0 = Debug|Any CPU
		{3756CE8D-DFA6-4B27-99A3-43AF73412F26}.Release|Any CPU.ActiveCfg = Release|Any CPU
		{3756CE8D-DFA6-4B27-99A3-43AF73412F26}.Release|Any CPU.Build.0 = Release|Any CPU
		{90EA34FE-2DCA-49A6-84B9-810FCB8586BA}.Debug|Any CPU.ActiveCfg = Debug|Any CPU
		{90EA34FE-2DCA-49A6-84B9-810FCB8586BA}.Debug|Any CPU.Build.0 = Debug|Any CPU
		{90EA34FE-2DCA-49A6-84B9-810FCB8586BA}.Release|Any CPU.ActiveCfg = Release|Any CPU
		{90EA34FE-2DCA-49A6-84B9-810FCB8586BA}.Release|Any CPU.Build.0 = Release|Any CPU
	EndGlobalSection
	GlobalSection(SolutionProperties) = preSolution
		HideSolutionNode = FALSE
	EndGlobalSection
EndGlobal
