
Microsoft Visual Studio Solution File, Format Version 12.00
# Visual Studio 2013
VisualStudioVersion = 12.0.31101.0
MinimumVisualStudioVersion = 10.0.40219.1
Project("{FAE04EC0-301F-11D3-BF4B-00C04F79EFBC}") = "01.Dictionary", "01.Dictionary\01.Dictionary.csproj", "{15D5BBDF-2400-4C8C-8966-EF031DB169FA}"
EndProject
Project("{FAE04EC0-301F-11D3-BF4B-00C04F79EFBC}") = "02.CountSymbols", "02.CountSymbols\02.CountSymbols.csproj", "{4A10CA70-EEDB-4943-B94E-A437065ECE29}"
EndProject
Project("{FAE04EC0-301F-11D3-BF4B-00C04F79EFBC}") = "03.Phonebook", "03.Phonebook\03.Phonebook.csproj", "{86F40E08-4194-474E-8FA5-716CCD3F3813}"
EndProject
Project("{FAE04EC0-301F-11D3-BF4B-00C04F79EFBC}") = "04.OrderedSet", "04.OrderedSet\04.OrderedSet.csproj", "{4D004369-E8FB-4B77-8058-2C6F8D2E4C62}"
EndProject
Global
	GlobalSection(SolutionConfigurationPlatforms) = preSolution
		Debug|Any CPU = Debug|Any CPU
		Release|Any CPU = Release|Any CPU
	EndGlobalSection
	GlobalSection(ProjectConfigurationPlatforms) = postSolution
		{15D5BBDF-2400-4C8C-8966-EF031DB169FA}.Debug|Any CPU.ActiveCfg = Debug|Any CPU
		{15D5BBDF-2400-4C8C-8966-EF031DB169FA}.Debug|Any CPU.Build.0 = Debug|Any CPU
		{15D5BBDF-2400-4C8C-8966-EF031DB169FA}.Release|Any CPU.ActiveCfg = Release|Any CPU
		{15D5BBDF-2400-4C8C-8966-EF031DB169FA}.Release|Any CPU.Build.0 = Release|Any CPU
		{4A10CA70-EEDB-4943-B94E-A437065ECE29}.Debug|Any CPU.ActiveCfg = Debug|Any CPU
		{4A10CA70-EEDB-4943-B94E-A437065ECE29}.Debug|Any CPU.Build.0 = Debug|Any CPU
		{4A10CA70-EEDB-4943-B94E-A437065ECE29}.Release|Any CPU.ActiveCfg = Release|Any CPU
		{4A10CA70-EEDB-4943-B94E-A437065ECE29}.Release|Any CPU.Build.0 = Release|Any CPU
		{86F40E08-4194-474E-8FA5-716CCD3F3813}.Debug|Any CPU.ActiveCfg = Debug|Any CPU
		{86F40E08-4194-474E-8FA5-716CCD3F3813}.Debug|Any CPU.Build.0 = Debug|Any CPU
		{86F40E08-4194-474E-8FA5-716CCD3F3813}.Release|Any CPU.ActiveCfg = Release|Any CPU
		{86F40E08-4194-474E-8FA5-716CCD3F3813}.Release|Any CPU.Build.0 = Release|Any CPU
		{4D004369-E8FB-4B77-8058-2C6F8D2E4C62}.Debug|Any CPU.ActiveCfg = Debug|Any CPU
		{4D004369-E8FB-4B77-8058-2C6F8D2E4C62}.Debug|Any CPU.Build.0 = Debug|Any CPU
		{4D004369-E8FB-4B77-8058-2C6F8D2E4C62}.Release|Any CPU.ActiveCfg = Release|Any CPU
		{4D004369-E8FB-4B77-8058-2C6F8D2E4C62}.Release|Any CPU.Build.0 = Release|Any CPU
	EndGlobalSection
	GlobalSection(SolutionProperties) = preSolution
		HideSolutionNode = FALSE
	EndGlobalSection
EndGlobal
