
Microsoft Visual Studio Solution File, Format Version 12.00
# Visual Studio 2013
VisualStudioVersion = 12.0.31101.0
MinimumVisualStudioVersion = 10.0.40219.1
Project("{FAE04EC0-301F-11D3-BF4B-00C04F79EFBC}") = "01.PlayWithTrees", "01.PlayWithTrees\01.PlayWithTrees.csproj", "{2D2A93F8-28B3-4816-94CA-9E6E3A3CF341}"
EndProject
Project("{FAE04EC0-301F-11D3-BF4B-00C04F79EFBC}") = "02.TraverseAndSaveDirectoryContentsInATree", "02.TraverseAndSaveDirectoryContentsInATree\02.TraverseAndSaveDirectoryContentsInATree.csproj", "{E9230061-9E16-41D5-854A-C417D447AD92}"
EndProject
Global
	GlobalSection(SolutionConfigurationPlatforms) = preSolution
		Debug|Any CPU = Debug|Any CPU
		Release|Any CPU = Release|Any CPU
	EndGlobalSection
	GlobalSection(ProjectConfigurationPlatforms) = postSolution
		{2D2A93F8-28B3-4816-94CA-9E6E3A3CF341}.Debug|Any CPU.ActiveCfg = Debug|Any CPU
		{2D2A93F8-28B3-4816-94CA-9E6E3A3CF341}.Debug|Any CPU.Build.0 = Debug|Any CPU
		{2D2A93F8-28B3-4816-94CA-9E6E3A3CF341}.Release|Any CPU.ActiveCfg = Release|Any CPU
		{2D2A93F8-28B3-4816-94CA-9E6E3A3CF341}.Release|Any CPU.Build.0 = Release|Any CPU
		{E9230061-9E16-41D5-854A-C417D447AD92}.Debug|Any CPU.ActiveCfg = Debug|Any CPU
		{E9230061-9E16-41D5-854A-C417D447AD92}.Debug|Any CPU.Build.0 = Debug|Any CPU
		{E9230061-9E16-41D5-854A-C417D447AD92}.Release|Any CPU.ActiveCfg = Release|Any CPU
		{E9230061-9E16-41D5-854A-C417D447AD92}.Release|Any CPU.Build.0 = Release|Any CPU
	EndGlobalSection
	GlobalSection(SolutionProperties) = preSolution
		HideSolutionNode = FALSE
	EndGlobalSection
EndGlobal
