
Microsoft Visual Studio Solution File, Format Version 12.00
# Visual Studio 2013
VisualStudioVersion = 12.0.40629.0
MinimumVisualStudioVersion = 10.0.40219.1
Project("{FAE04EC0-301F-11D3-BF4B-00C04F79EFBC}") = "Pr1_CustomDictionary", "CustomDictionary\Pr1_CustomDictionary.csproj", "{7EC9A4F1-FBD1-49F1-A199-2D68DBE8FA21}"
EndProject
Project("{FAE04EC0-301F-11D3-BF4B-00C04F79EFBC}") = "Pr2_CountSymbols", "CountSymbols\Pr2_CountSymbols.csproj", "{9C558499-913F-4C4C-A7A4-17DA19E1C57A}"
EndProject
Project("{FAE04EC0-301F-11D3-BF4B-00C04F79EFBC}") = "Pr3_Phonebook", "Phonebook\Pr3_Phonebook.csproj", "{8245820B-BDC3-4A4D-B945-A5E1777D9D50}"
EndProject
Project("{FAE04EC0-301F-11D3-BF4B-00C04F79EFBC}") = "Pr4_CustomOrderedSet", "Pr4_CustomOrderedSet\Pr4_CustomOrderedSet.csproj", "{70A07AE5-ED40-4C07-A717-ED7C4AE4ADBD}"
EndProject
Global
	GlobalSection(SolutionConfigurationPlatforms) = preSolution
		Debug|Any CPU = Debug|Any CPU
		Release|Any CPU = Release|Any CPU
	EndGlobalSection
	GlobalSection(ProjectConfigurationPlatforms) = postSolution
		{7EC9A4F1-FBD1-49F1-A199-2D68DBE8FA21}.Debug|Any CPU.ActiveCfg = Debug|Any CPU
		{7EC9A4F1-FBD1-49F1-A199-2D68DBE8FA21}.Debug|Any CPU.Build.0 = Debug|Any CPU
		{7EC9A4F1-FBD1-49F1-A199-2D68DBE8FA21}.Release|Any CPU.ActiveCfg = Release|Any CPU
		{7EC9A4F1-FBD1-49F1-A199-2D68DBE8FA21}.Release|Any CPU.Build.0 = Release|Any CPU
		{9C558499-913F-4C4C-A7A4-17DA19E1C57A}.Debug|Any CPU.ActiveCfg = Debug|Any CPU
		{9C558499-913F-4C4C-A7A4-17DA19E1C57A}.Debug|Any CPU.Build.0 = Debug|Any CPU
		{9C558499-913F-4C4C-A7A4-17DA19E1C57A}.Release|Any CPU.ActiveCfg = Release|Any CPU
		{9C558499-913F-4C4C-A7A4-17DA19E1C57A}.Release|Any CPU.Build.0 = Release|Any CPU
		{8245820B-BDC3-4A4D-B945-A5E1777D9D50}.Debug|Any CPU.ActiveCfg = Debug|Any CPU
		{8245820B-BDC3-4A4D-B945-A5E1777D9D50}.Debug|Any CPU.Build.0 = Debug|Any CPU
		{8245820B-BDC3-4A4D-B945-A5E1777D9D50}.Release|Any CPU.ActiveCfg = Release|Any CPU
		{8245820B-BDC3-4A4D-B945-A5E1777D9D50}.Release|Any CPU.Build.0 = Release|Any CPU
		{70A07AE5-ED40-4C07-A717-ED7C4AE4ADBD}.Debug|Any CPU.ActiveCfg = Debug|Any CPU
		{70A07AE5-ED40-4C07-A717-ED7C4AE4ADBD}.Debug|Any CPU.Build.0 = Debug|Any CPU
		{70A07AE5-ED40-4C07-A717-ED7C4AE4ADBD}.Release|Any CPU.ActiveCfg = Release|Any CPU
		{70A07AE5-ED40-4C07-A717-ED7C4AE4ADBD}.Release|Any CPU.Build.0 = Release|Any CPU
	EndGlobalSection
	GlobalSection(SolutionProperties) = preSolution
		HideSolutionNode = FALSE
	EndGlobalSection
EndGlobal
