
Microsoft Visual Studio Solution File, Format Version 12.00
# Visual Studio 2013
VisualStudioVersion = 12.0.31101.0
MinimumVisualStudioVersion = 10.0.40219.1
Project("{FAE04EC0-301F-11D3-BF4B-00C04F79EFBC}") = "00.1.DFS-Graph-Traversal", "00.1.DFS-Graph-Traversal\00.1.DFS-Graph-Traversal.csproj", "{2CB50F92-35AF-47E5-BA6F-02446AACD536}"
EndProject
Project("{FAE04EC0-301F-11D3-BF4B-00C04F79EFBC}") = "00.2.DFS-Graph-Traversal.Tests", "00.2.DFS-Graph-Traversal.Tests\00.2.DFS-Graph-Traversal.Tests.csproj", "{7B2961BD-EBA1-4578-B3A5-446B08225683}"
EndProject
Project("{FAE04EC0-301F-11D3-BF4B-00C04F79EFBC}") = "00.3.BFS-Escape-from-Labyrinth", "00.3.BFS-Escape-from-Labyrinth\00.3.BFS-Escape-from-Labyrinth.csproj", "{27F265F3-ABF7-46FD-A656-AD5CD27CDC2E}"
EndProject
Project("{FAE04EC0-301F-11D3-BF4B-00C04F79EFBC}") = "00.4.BFS-Escape-from-Labyrinth.Tests", "00.4.BFS-Escape-from-Labyrinth.Tests\00.4.BFS-Escape-from-Labyrinth.Tests.csproj", "{1875E377-837F-405B-828C-468C6A33B761}"
EndProject
Project("{FAE04EC0-301F-11D3-BF4B-00C04F79EFBC}") = "01.FindTheRoot", "01.FindTheRoot\01.FindTheRoot.csproj", "{30A7EF38-9C8C-494A-81EE-3F50D6BCBD93}"
EndProject
Project("{FAE04EC0-301F-11D3-BF4B-00C04F79EFBC}") = "02.RoundDance", "02.RoundDance\02.RoundDance.csproj", "{EFF30C2B-653B-4EF4-B8D2-C09F7B108D16}"
EndProject
Project("{FAE04EC0-301F-11D3-BF4B-00C04F79EFBC}") = "03.RideTheHorse", "03.RideTheHorse\03.RideTheHorse.csproj", "{514D913E-4611-40A2-95B7-31621FA4DDFD}"
EndProject
Project("{FAE04EC0-301F-11D3-BF4B-00C04F79EFBC}") = "04.LongestPathInTree", "04.LongestPathInTree\04.LongestPathInTree.csproj", "{EAFCFB0F-234D-46CE-B8BC-49D44986FF3B}"
EndProject
Project("{FAE04EC0-301F-11D3-BF4B-00C04F79EFBC}") = "05.Sorting", "05.Sorting\05.Sorting.csproj", "{6E8A9A09-DB76-4826-865E-D928901376A7}"
EndProject
Global
	GlobalSection(SolutionConfigurationPlatforms) = preSolution
		Debug|Any CPU = Debug|Any CPU
		Release|Any CPU = Release|Any CPU
	EndGlobalSection
	GlobalSection(ProjectConfigurationPlatforms) = postSolution
		{2CB50F92-35AF-47E5-BA6F-02446AACD536}.Debug|Any CPU.ActiveCfg = Debug|Any CPU
		{2CB50F92-35AF-47E5-BA6F-02446AACD536}.Debug|Any CPU.Build.0 = Debug|Any CPU
		{2CB50F92-35AF-47E5-BA6F-02446AACD536}.Release|Any CPU.ActiveCfg = Release|Any CPU
		{2CB50F92-35AF-47E5-BA6F-02446AACD536}.Release|Any CPU.Build.0 = Release|Any CPU
		{7B2961BD-EBA1-4578-B3A5-446B08225683}.Debug|Any CPU.ActiveCfg = Debug|Any CPU
		{7B2961BD-EBA1-4578-B3A5-446B08225683}.Debug|Any CPU.Build.0 = Debug|Any CPU
		{7B2961BD-EBA1-4578-B3A5-446B08225683}.Release|Any CPU.ActiveCfg = Release|Any CPU
		{7B2961BD-EBA1-4578-B3A5-446B08225683}.Release|Any CPU.Build.0 = Release|Any CPU
		{27F265F3-ABF7-46FD-A656-AD5CD27CDC2E}.Debug|Any CPU.ActiveCfg = Debug|Any CPU
		{27F265F3-ABF7-46FD-A656-AD5CD27CDC2E}.Debug|Any CPU.Build.0 = Debug|Any CPU
		{27F265F3-ABF7-46FD-A656-AD5CD27CDC2E}.Release|Any CPU.ActiveCfg = Release|Any CPU
		{27F265F3-ABF7-46FD-A656-AD5CD27CDC2E}.Release|Any CPU.Build.0 = Release|Any CPU
		{1875E377-837F-405B-828C-468C6A33B761}.Debug|Any CPU.ActiveCfg = Debug|Any CPU
		{1875E377-837F-405B-828C-468C6A33B761}.Debug|Any CPU.Build.0 = Debug|Any CPU
		{1875E377-837F-405B-828C-468C6A33B761}.Release|Any CPU.ActiveCfg = Release|Any CPU
		{1875E377-837F-405B-828C-468C6A33B761}.Release|Any CPU.Build.0 = Release|Any CPU
		{30A7EF38-9C8C-494A-81EE-3F50D6BCBD93}.Debug|Any CPU.ActiveCfg = Debug|Any CPU
		{30A7EF38-9C8C-494A-81EE-3F50D6BCBD93}.Debug|Any CPU.Build.0 = Debug|Any CPU
		{30A7EF38-9C8C-494A-81EE-3F50D6BCBD93}.Release|Any CPU.ActiveCfg = Release|Any CPU
		{30A7EF38-9C8C-494A-81EE-3F50D6BCBD93}.Release|Any CPU.Build.0 = Release|Any CPU
		{EFF30C2B-653B-4EF4-B8D2-C09F7B108D16}.Debug|Any CPU.ActiveCfg = Debug|Any CPU
		{EFF30C2B-653B-4EF4-B8D2-C09F7B108D16}.Debug|Any CPU.Build.0 = Debug|Any CPU
		{EFF30C2B-653B-4EF4-B8D2-C09F7B108D16}.Release|Any CPU.ActiveCfg = Release|Any CPU
		{EFF30C2B-653B-4EF4-B8D2-C09F7B108D16}.Release|Any CPU.Build.0 = Release|Any CPU
		{514D913E-4611-40A2-95B7-31621FA4DDFD}.Debug|Any CPU.ActiveCfg = Debug|Any CPU
		{514D913E-4611-40A2-95B7-31621FA4DDFD}.Debug|Any CPU.Build.0 = Debug|Any CPU
		{514D913E-4611-40A2-95B7-31621FA4DDFD}.Release|Any CPU.ActiveCfg = Release|Any CPU
		{514D913E-4611-40A2-95B7-31621FA4DDFD}.Release|Any CPU.Build.0 = Release|Any CPU
		{EAFCFB0F-234D-46CE-B8BC-49D44986FF3B}.Debug|Any CPU.ActiveCfg = Debug|Any CPU
		{EAFCFB0F-234D-46CE-B8BC-49D44986FF3B}.Debug|Any CPU.Build.0 = Debug|Any CPU
		{EAFCFB0F-234D-46CE-B8BC-49D44986FF3B}.Release|Any CPU.ActiveCfg = Release|Any CPU
		{EAFCFB0F-234D-46CE-B8BC-49D44986FF3B}.Release|Any CPU.Build.0 = Release|Any CPU
		{6E8A9A09-DB76-4826-865E-D928901376A7}.Debug|Any CPU.ActiveCfg = Debug|Any CPU
		{6E8A9A09-DB76-4826-865E-D928901376A7}.Debug|Any CPU.Build.0 = Debug|Any CPU
		{6E8A9A09-DB76-4826-865E-D928901376A7}.Release|Any CPU.ActiveCfg = Release|Any CPU
		{6E8A9A09-DB76-4826-865E-D928901376A7}.Release|Any CPU.Build.0 = Release|Any CPU
	EndGlobalSection
	GlobalSection(SolutionProperties) = preSolution
		HideSolutionNode = FALSE
	EndGlobalSection
EndGlobal
