
Microsoft Visual Studio Solution File, Format Version 12.00
# Visual Studio 2013
VisualStudioVersion = 12.0.31101.0
MinimumVisualStudioVersion = 10.0.40219.1
Project("{FAE04EC0-301F-11D3-BF4B-00C04F79EFBC}") = "P01_PlayWithTrees", "P01_PlayWithTrees\P01_PlayWithTrees.csproj", "{894E26C2-6C50-4EAE-83B6-21087C0FB585}"
EndProject
Project("{FAE04EC0-301F-11D3-BF4B-00C04F79EFBC}") = "P02_TraverseAndSaveDirectoryInATree", "P02_TraverseAndSaveDirectoryInATree\P02_TraverseAndSaveDirectoryInATree.csproj", "{72E11759-6501-464B-8C4B-D6CA3AB0AC13}"
EndProject
Project("{FAE04EC0-301F-11D3-BF4B-00C04F79EFBC}") = "P03_CalculateArithmeticExpression", "P03_CalculateArithmeticExpression\P03_CalculateArithmeticExpression.csproj", "{47426FF7-BB8F-4B98-BBDE-92EBAB771605}"
EndProject
Global
	GlobalSection(SolutionConfigurationPlatforms) = preSolution
		Debug|Any CPU = Debug|Any CPU
		Release|Any CPU = Release|Any CPU
	EndGlobalSection
	GlobalSection(ProjectConfigurationPlatforms) = postSolution
		{894E26C2-6C50-4EAE-83B6-21087C0FB585}.Debug|Any CPU.ActiveCfg = Debug|Any CPU
		{894E26C2-6C50-4EAE-83B6-21087C0FB585}.Debug|Any CPU.Build.0 = Debug|Any CPU
		{894E26C2-6C50-4EAE-83B6-21087C0FB585}.Release|Any CPU.ActiveCfg = Release|Any CPU
		{894E26C2-6C50-4EAE-83B6-21087C0FB585}.Release|Any CPU.Build.0 = Release|Any CPU
		{72E11759-6501-464B-8C4B-D6CA3AB0AC13}.Debug|Any CPU.ActiveCfg = Debug|Any CPU
		{72E11759-6501-464B-8C4B-D6CA3AB0AC13}.Debug|Any CPU.Build.0 = Debug|Any CPU
		{72E11759-6501-464B-8C4B-D6CA3AB0AC13}.Release|Any CPU.ActiveCfg = Release|Any CPU
		{72E11759-6501-464B-8C4B-D6CA3AB0AC13}.Release|Any CPU.Build.0 = Release|Any CPU
		{47426FF7-BB8F-4B98-BBDE-92EBAB771605}.Debug|Any CPU.ActiveCfg = Debug|Any CPU
		{47426FF7-BB8F-4B98-BBDE-92EBAB771605}.Debug|Any CPU.Build.0 = Debug|Any CPU
		{47426FF7-BB8F-4B98-BBDE-92EBAB771605}.Release|Any CPU.ActiveCfg = Release|Any CPU
		{47426FF7-BB8F-4B98-BBDE-92EBAB771605}.Release|Any CPU.Build.0 = Release|Any CPU
	EndGlobalSection
	GlobalSection(SolutionProperties) = preSolution
		HideSolutionNode = FALSE
	EndGlobalSection
EndGlobal
