
Microsoft Visual Studio Solution File, Format Version 12.00
# Visual Studio 14
VisualStudioVersion = 14.0.23107.0
MinimumVisualStudioVersion = 10.0.40219.1
Project("{FAE04EC0-301F-11D3-BF4B-00C04F79EFBC}") = "Problem1Logger", "Problem1Logger\Problem1Logger.csproj", "{93274F09-5430-40A3-A308-8520C016525C}"
EndProject
Global
	GlobalSection(SolutionConfigurationPlatforms) = preSolution
		Debug|Any CPU = Debug|Any CPU
		Release|Any CPU = Release|Any CPU
	EndGlobalSection
	GlobalSection(ProjectConfigurationPlatforms) = postSolution
		{93274F09-5430-40A3-A308-8520C016525C}.Debug|Any CPU.ActiveCfg = Debug|Any CPU
		{93274F09-5430-40A3-A308-8520C016525C}.Debug|Any CPU.Build.0 = Debug|Any CPU
		{93274F09-5430-40A3-A308-8520C016525C}.Release|Any CPU.ActiveCfg = Release|Any CPU
		{93274F09-5430-40A3-A308-8520C016525C}.Release|Any CPU.Build.0 = Release|Any CPU
	EndGlobalSection
	GlobalSection(SolutionProperties) = preSolution
		HideSolutionNode = FALSE
	EndGlobalSection
EndGlobal
