
Microsoft Visual Studio Solution File, Format Version 12.00
# Visual Studio 2013
VisualStudioVersion = 12.0.31101.0
MinimumVisualStudioVersion = 10.0.40219.1
Project("{FAE04EC0-301F-11D3-BF4B-00C04F79EFBC}") = "Dictionary", "Dictionary\Dictionary.csproj", "{41857423-3ADC-43F1-A6EB-CBE18A046C5C}"
EndProject
Project("{FAE04EC0-301F-11D3-BF4B-00C04F79EFBC}") = "CountSymbols", "CountSymbols\CountSymbols.csproj", "{5636D763-2D71-4BAC-896D-97A61B08E335}"
EndProject
Project("{FAE04EC0-301F-11D3-BF4B-00C04F79EFBC}") = "Phonebook", "Phonebook\Phonebook.csproj", "{473C92D7-C77B-47D9-AFC6-439047BA5B8D}"
EndProject
Project("{FAE04EC0-301F-11D3-BF4B-00C04F79EFBC}") = "OrderedSetMain", "OrderedSetMain\OrderedSetMain.csproj", "{628D9792-7935-4AA2-937A-89E59F338B95}"
EndProject
Global
	GlobalSection(SolutionConfigurationPlatforms) = preSolution
		Debug|Any CPU = Debug|Any CPU
		Release|Any CPU = Release|Any CPU
	EndGlobalSection
	GlobalSection(ProjectConfigurationPlatforms) = postSolution
		{41857423-3ADC-43F1-A6EB-CBE18A046C5C}.Debug|Any CPU.ActiveCfg = Debug|Any CPU
		{41857423-3ADC-43F1-A6EB-CBE18A046C5C}.Debug|Any CPU.Build.0 = Debug|Any CPU
		{41857423-3ADC-43F1-A6EB-CBE18A046C5C}.Release|Any CPU.ActiveCfg = Release|Any CPU
		{41857423-3ADC-43F1-A6EB-CBE18A046C5C}.Release|Any CPU.Build.0 = Release|Any CPU
		{5636D763-2D71-4BAC-896D-97A61B08E335}.Debug|Any CPU.ActiveCfg = Debug|Any CPU
		{5636D763-2D71-4BAC-896D-97A61B08E335}.Debug|Any CPU.Build.0 = Debug|Any CPU
		{5636D763-2D71-4BAC-896D-97A61B08E335}.Release|Any CPU.ActiveCfg = Release|Any CPU
		{5636D763-2D71-4BAC-896D-97A61B08E335}.Release|Any CPU.Build.0 = Release|Any CPU
		{473C92D7-C77B-47D9-AFC6-439047BA5B8D}.Debug|Any CPU.ActiveCfg = Debug|Any CPU
		{473C92D7-C77B-47D9-AFC6-439047BA5B8D}.Debug|Any CPU.Build.0 = Debug|Any CPU
		{473C92D7-C77B-47D9-AFC6-439047BA5B8D}.Release|Any CPU.ActiveCfg = Release|Any CPU
		{473C92D7-C77B-47D9-AFC6-439047BA5B8D}.Release|Any CPU.Build.0 = Release|Any CPU
		{628D9792-7935-4AA2-937A-89E59F338B95}.Debug|Any CPU.ActiveCfg = Debug|Any CPU
		{628D9792-7935-4AA2-937A-89E59F338B95}.Debug|Any CPU.Build.0 = Debug|Any CPU
		{628D9792-7935-4AA2-937A-89E59F338B95}.Release|Any CPU.ActiveCfg = Release|Any CPU
		{628D9792-7935-4AA2-937A-89E59F338B95}.Release|Any CPU.Build.0 = Release|Any CPU
	EndGlobalSection
	GlobalSection(SolutionProperties) = preSolution
		HideSolutionNode = FALSE
	EndGlobalSection
EndGlobal
