
Microsoft Visual Studio Solution File, Format Version 12.00
# Visual Studio 2013
VisualStudioVersion = 12.0.40629.0
MinimumVisualStudioVersion = 10.0.40219.1
Project("{FAE04EC0-301F-11D3-BF4B-00C04F79EFBC}") = "01.StudentsAndCourses", "01.StudentsAndCourses\01.StudentsAndCourses.csproj", "{19867410-9597-430F-8CA3-95D85CDA31B1}"
EndProject
Project("{FAE04EC0-301F-11D3-BF4B-00C04F79EFBC}") = "02.ImplementBiDictionary", "02.ImplementBiDictionary\02.ImplementBiDictionary.csproj", "{7E96EB19-DF05-4502-B5D7-C6478CF7574D}"
EndProject
Project("{FAE04EC0-301F-11D3-BF4B-00C04F79EFBC}") = "03.CollectionOfProducts", "03.CollectionOfProducts\03.CollectionOfProducts.csproj", "{EF57CC97-131D-414D-840F-A315B14FD2D3}"
EndProject
Global
	GlobalSection(SolutionConfigurationPlatforms) = preSolution
		Debug|Any CPU = Debug|Any CPU
		Release|Any CPU = Release|Any CPU
	EndGlobalSection
	GlobalSection(ProjectConfigurationPlatforms) = postSolution
		{19867410-9597-430F-8CA3-95D85CDA31B1}.Debug|Any CPU.ActiveCfg = Debug|Any CPU
		{19867410-9597-430F-8CA3-95D85CDA31B1}.Debug|Any CPU.Build.0 = Debug|Any CPU
		{19867410-9597-430F-8CA3-95D85CDA31B1}.Release|Any CPU.ActiveCfg = Release|Any CPU
		{19867410-9597-430F-8CA3-95D85CDA31B1}.Release|Any CPU.Build.0 = Release|Any CPU
		{7E96EB19-DF05-4502-B5D7-C6478CF7574D}.Debug|Any CPU.ActiveCfg = Debug|Any CPU
		{7E96EB19-DF05-4502-B5D7-C6478CF7574D}.Debug|Any CPU.Build.0 = Debug|Any CPU
		{7E96EB19-DF05-4502-B5D7-C6478CF7574D}.Release|Any CPU.ActiveCfg = Release|Any CPU
		{7E96EB19-DF05-4502-B5D7-C6478CF7574D}.Release|Any CPU.Build.0 = Release|Any CPU
		{EF57CC97-131D-414D-840F-A315B14FD2D3}.Debug|Any CPU.ActiveCfg = Debug|Any CPU
		{EF57CC97-131D-414D-840F-A315B14FD2D3}.Debug|Any CPU.Build.0 = Debug|Any CPU
		{EF57CC97-131D-414D-840F-A315B14FD2D3}.Release|Any CPU.ActiveCfg = Release|Any CPU
		{EF57CC97-131D-414D-840F-A315B14FD2D3}.Release|Any CPU.Build.0 = Release|Any CPU
	EndGlobalSection
	GlobalSection(SolutionProperties) = preSolution
		HideSolutionNode = FALSE
	EndGlobalSection
EndGlobal
