
Microsoft Visual Studio Solution File, Format Version 12.00
# Visual Studio 14
VisualStudioVersion = 14.0.23107.0
MinimumVisualStudioVersion = 10.0.40219.1
Project("{FAE04EC0-301F-11D3-BF4B-00C04F79EFBC}") = "AvlTreeLab", "AvlTreeLab\AvlTreeLab.csproj", "{0BF54B07-DA0B-40EF-851B-3F7CBA4ACDCC}"
EndProject
Project("{FAE04EC0-301F-11D3-BF4B-00C04F79EFBC}") = "AvlTreeTests", "AvlTreeTests\AvlTreeTests.csproj", "{0EDE185D-7CDA-4F04-85ED-867B51AD21A7}"
EndProject
Global
	GlobalSection(SolutionConfigurationPlatforms) = preSolution
		Debug|Any CPU = Debug|Any CPU
		Release|Any CPU = Release|Any CPU
	EndGlobalSection
	GlobalSection(ProjectConfigurationPlatforms) = postSolution
		{0BF54B07-DA0B-40EF-851B-3F7CBA4ACDCC}.Debug|Any CPU.ActiveCfg = Debug|Any CPU
		{0BF54B07-DA0B-40EF-851B-3F7CBA4ACDCC}.Debug|Any CPU.Build.0 = Debug|Any CPU
		{0BF54B07-DA0B-40EF-851B-3F7CBA4ACDCC}.Release|Any CPU.ActiveCfg = Release|Any CPU
		{0BF54B07-DA0B-40EF-851B-3F7CBA4ACDCC}.Release|Any CPU.Build.0 = Release|Any CPU
		{0EDE185D-7CDA-4F04-85ED-867B51AD21A7}.Debug|Any CPU.ActiveCfg = Debug|Any CPU
		{0EDE185D-7CDA-4F04-85ED-867B51AD21A7}.Debug|Any CPU.Build.0 = Debug|Any CPU
		{0EDE185D-7CDA-4F04-85ED-867B51AD21A7}.Release|Any CPU.ActiveCfg = Release|Any CPU
		{0EDE185D-7CDA-4F04-85ED-867B51AD21A7}.Release|Any CPU.Build.0 = Release|Any CPU
	EndGlobalSection
	GlobalSection(SolutionProperties) = preSolution
		HideSolutionNode = FALSE
	EndGlobalSection
EndGlobal
