
Microsoft Visual Studio Solution File, Format Version 12.00
# Visual Studio Version 16
VisualStudioVersion = 16.0.29020.237
MinimumVisualStudioVersion = 10.0.40219.1
Project("{9A19103F-16F7-4668-BE54-9A1E7A4F7556}") = "FDMC", "FDMC\FDMC.csproj", "{5AC7D0F4-8973-4EC2-BAB6-026DA834261C}"
EndProject
Project("{9A19103F-16F7-4668-BE54-9A1E7A4F7556}") = "Panda", "Panda\Panda.csproj", "{CF562105-9BDE-4C4D-9388-1EE30EFA85A9}"
EndProject
Project("{9A19103F-16F7-4668-BE54-9A1E7A4F7556}") = "Panda.Data", "Panda.Data\Panda.Data.csproj", "{A3F30F83-EE22-4A0B-AC1B-0990D5FD3F00}"
EndProject
Project("{9A19103F-16F7-4668-BE54-9A1E7A4F7556}") = "Panda.Domain", "Panda.Domain\Panda.Domain.csproj", "{E49A0BA4-C912-4E25-8537-A88521E19FB0}"
EndProject
Project("{FAE04EC0-301F-11D3-BF4B-00C04F79EFBC}") = "FDMC.Data", "FDMC.Data\FDMC.Data.csproj", "{A05A43B6-A886-42CE-8E56-568A15A48A4C}"
EndProject
Global
	GlobalSection(SolutionConfigurationPlatforms) = preSolution
		Debug|Any CPU = Debug|Any CPU
		Release|Any CPU = Release|Any CPU
	EndGlobalSection
	GlobalSection(ProjectConfigurationPlatforms) = postSolution
		{5AC7D0F4-8973-4EC2-BAB6-026DA834261C}.Debug|Any CPU.ActiveCfg = Debug|Any CPU
		{5AC7D0F4-8973-4EC2-BAB6-026DA834261C}.Debug|Any CPU.Build.0 = Debug|Any CPU
		{5AC7D0F4-8973-4EC2-BAB6-026DA834261C}.Release|Any CPU.ActiveCfg = Release|Any CPU
		{5AC7D0F4-8973-4EC2-BAB6-026DA834261C}.Release|Any CPU.Build.0 = Release|Any CPU
		{CF562105-9BDE-4C4D-9388-1EE30EFA85A9}.Debug|Any CPU.ActiveCfg = Debug|Any CPU
		{CF562105-9BDE-4C4D-9388-1EE30EFA85A9}.Debug|Any CPU.Build.0 = Debug|Any CPU
		{CF562105-9BDE-4C4D-9388-1EE30EFA85A9}.Release|Any CPU.ActiveCfg = Release|Any CPU
		{CF562105-9BDE-4C4D-9388-1EE30EFA85A9}.Release|Any CPU.Build.0 = Release|Any CPU
		{A3F30F83-EE22-4A0B-AC1B-0990D5FD3F00}.Debug|Any CPU.ActiveCfg = Debug|Any CPU
		{A3F30F83-EE22-4A0B-AC1B-0990D5FD3F00}.Debug|Any CPU.Build.0 = Debug|Any CPU
		{A3F30F83-EE22-4A0B-AC1B-0990D5FD3F00}.Release|Any CPU.ActiveCfg = Release|Any CPU
		{A3F30F83-EE22-4A0B-AC1B-0990D5FD3F00}.Release|Any CPU.Build.0 = Release|Any CPU
		{E49A0BA4-C912-4E25-8537-A88521E19FB0}.Debug|Any CPU.ActiveCfg = Debug|Any CPU
		{E49A0BA4-C912-4E25-8537-A88521E19FB0}.Debug|Any CPU.Build.0 = Debug|Any CPU
		{E49A0BA4-C912-4E25-8537-A88521E19FB0}.Release|Any CPU.ActiveCfg = Release|Any CPU
		{E49A0BA4-C912-4E25-8537-A88521E19FB0}.Release|Any CPU.Build.0 = Release|Any CPU
		{A05A43B6-A886-42CE-8E56-568A15A48A4C}.Debug|Any CPU.ActiveCfg = Debug|Any CPU
		{A05A43B6-A886-42CE-8E56-568A15A48A4C}.Debug|Any CPU.Build.0 = Debug|Any CPU
		{A05A43B6-A886-42CE-8E56-568A15A48A4C}.Release|Any CPU.ActiveCfg = Release|Any CPU
		{A05A43B6-A886-42CE-8E56-568A15A48A4C}.Release|Any CPU.Build.0 = Release|Any CPU
	EndGlobalSection
	GlobalSection(SolutionProperties) = preSolution
		HideSolutionNode = FALSE
	EndGlobalSection
	GlobalSection(ExtensibilityGlobals) = postSolution
		SolutionGuid = {4678D59F-7E40-4738-9081-CBDC0A7E2A2B}
	EndGlobalSection
EndGlobal
