
Microsoft Visual Studio Solution File, Format Version 12.00
# Visual Studio Version 16
VisualStudioVersion = 16.0.29020.237
MinimumVisualStudioVersion = 10.0.40219.1
Project("{9A19103F-16F7-4668-BE54-9A1E7A4F7556}") = "FDMC", "FDMC\FDMC.csproj", "{5AC7D0F4-8973-4EC2-BAB6-026DA834261C}"
EndProject
Project("{FAE04EC0-301F-11D3-BF4B-00C04F79EFBC}") = "Panda", "Panda\Panda.csproj", "{590CE543-0D4A-4659-A6BB-9351A566DB5E}"
EndProject
Global
	GlobalSection(SolutionConfigurationPlatforms) = preSolution
		Debug|Any CPU = Debug|Any CPU
		Release|Any CPU = Release|Any CPU
	EndGlobalSection
	GlobalSection(ProjectConfigurationPlatforms) = postSolution
		{5AC7D0F4-8973-4EC2-BAB6-026DA834261C}.Debug|Any CPU.ActiveCfg = Debug|Any CPU
		{5AC7D0F4-8973-4EC2-BAB6-026DA834261C}.Debug|Any CPU.Build.0 = Debug|Any CPU
		{5AC7D0F4-8973-4EC2-BAB6-026DA834261C}.Release|Any CPU.ActiveCfg = Release|Any CPU
		{5AC7D0F4-8973-4EC2-BAB6-026DA834261C}.Release|Any CPU.Build.0 = Release|Any CPU
		{590CE543-0D4A-4659-A6BB-9351A566DB5E}.Debug|Any CPU.ActiveCfg = Debug|Any CPU
		{590CE543-0D4A-4659-A6BB-9351A566DB5E}.Debug|Any CPU.Build.0 = Debug|Any CPU
		{590CE543-0D4A-4659-A6BB-9351A566DB5E}.Release|Any CPU.ActiveCfg = Release|Any CPU
		{590CE543-0D4A-4659-A6BB-9351A566DB5E}.Release|Any CPU.Build.0 = Release|Any CPU
	EndGlobalSection
	GlobalSection(SolutionProperties) = preSolution
		HideSolutionNode = FALSE
	EndGlobalSection
	GlobalSection(ExtensibilityGlobals) = postSolution
		SolutionGuid = {4678D59F-7E40-4738-9081-CBDC0A7E2A2B}
	EndGlobalSection
EndGlobal
