
Microsoft Visual Studio Solution File, Format Version 12.00
# Visual Studio 14
VisualStudioVersion = 14.0.23107.0
MinimumVisualStudioVersion = 10.0.40219.1
Project("{FAE04EC0-301F-11D3-BF4B-00C04F79EFBC}") = "Problem1ProductsInPriceRange", "Problem1ProductsInPriceRange\Problem1ProductsInPriceRange.csproj", "{575591D7-1D53-4A9C-9616-8BCAD627CBA0}"
EndProject
Project("{FAE04EC0-301F-11D3-BF4B-00C04F79EFBC}") = "Problem3FastSearchForStrInText", "Problem3FastSearchForStrInText\Problem3FastSearchForStrInText.csproj", "{979F8218-827D-4F12-9C17-2B8A48A9D7F3}"
EndProject
Global
	GlobalSection(SolutionConfigurationPlatforms) = preSolution
		Debug|Any CPU = Debug|Any CPU
		Release|Any CPU = Release|Any CPU
	EndGlobalSection
	GlobalSection(ProjectConfigurationPlatforms) = postSolution
		{575591D7-1D53-4A9C-9616-8BCAD627CBA0}.Debug|Any CPU.ActiveCfg = Debug|Any CPU
		{575591D7-1D53-4A9C-9616-8BCAD627CBA0}.Debug|Any CPU.Build.0 = Debug|Any CPU
		{575591D7-1D53-4A9C-9616-8BCAD627CBA0}.Release|Any CPU.ActiveCfg = Release|Any CPU
		{575591D7-1D53-4A9C-9616-8BCAD627CBA0}.Release|Any CPU.Build.0 = Release|Any CPU
		{979F8218-827D-4F12-9C17-2B8A48A9D7F3}.Debug|Any CPU.ActiveCfg = Debug|Any CPU
		{979F8218-827D-4F12-9C17-2B8A48A9D7F3}.Debug|Any CPU.Build.0 = Debug|Any CPU
		{979F8218-827D-4F12-9C17-2B8A48A9D7F3}.Release|Any CPU.ActiveCfg = Release|Any CPU
		{979F8218-827D-4F12-9C17-2B8A48A9D7F3}.Release|Any CPU.Build.0 = Release|Any CPU
	EndGlobalSection
	GlobalSection(SolutionProperties) = preSolution
		HideSolutionNode = FALSE
	EndGlobalSection
EndGlobal
