
Microsoft Visual Studio Solution File, Format Version 12.00
# Visual Studio 14
VisualStudioVersion = 14.0.23107.0
MinimumVisualStudioVersion = 10.0.40219.1
Project("{FAE04EC0-301F-11D3-BF4B-00C04F79EFBC}") = "Problem1ReverseNumbersStack", "Problem1ReverseNumbersStack\Problem1ReverseNumbersStack.csproj", "{768D8074-8A8D-4C9F-B260-0DCDDB0BA8D1}"
EndProject
Project("{FAE04EC0-301F-11D3-BF4B-00C04F79EFBC}") = "Problem2CalculateSequenceQueue", "Problem2CalculateSequenceQueue\Problem2CalculateSequenceQueue.csproj", "{8A5F04E2-6704-437A-B339-F53B26365896}"
EndProject
Project("{FAE04EC0-301F-11D3-BF4B-00C04F79EFBC}") = "Problem3ArrayBasedStack", "Problem3ArrayBasedStack\Problem3ArrayBasedStack.csproj", "{1B6FEB59-CCB1-4A36-96ED-85D137074D9A}"
EndProject
Project("{FAE04EC0-301F-11D3-BF4B-00C04F79EFBC}") = "Problem4ArrayBasedStackTests", "Problem4ArrayBasedStackTests\Problem4ArrayBasedStackTests.csproj", "{0F24CFE3-1149-4DC5-8FC7-8BF92FAF0B6D}"
EndProject
Project("{FAE04EC0-301F-11D3-BF4B-00C04F79EFBC}") = "Problem5LinkedStack", "Problem5LinkedStack\Problem5LinkedStack.csproj", "{1E3FA2B8-C516-42C6-B845-68047D1DCD97}"
EndProject
Project("{FAE04EC0-301F-11D3-BF4B-00C04F79EFBC}") = "Problem6LinkedStackTests", "Problem6LinkedStackTests\Problem6LinkedStackTests.csproj", "{97EBC07B-E588-43F7-A9BB-8408F4FAEAF1}"
EndProject
Project("{FAE04EC0-301F-11D3-BF4B-00C04F79EFBC}") = "Problem7LinkedQueue", "Problem7LinkedQueue\Problem7LinkedQueue.csproj", "{6E8EA3E1-4C14-4001-9D1D-F4595465169F}"
EndProject
Project("{FAE04EC0-301F-11D3-BF4B-00C04F79EFBC}") = "Problem8LinkedQueueTests", "Problem8LinkedQueueTests\Problem8LinkedQueueTests.csproj", "{509C3925-9EDF-4C44-9B4C-B64342BBF9CE}"
EndProject
Project("{FAE04EC0-301F-11D3-BF4B-00C04F79EFBC}") = "Problem9SequenceNToM", "Problem9SequenceNToM\Problem9SequenceNToM.csproj", "{47C87776-5038-493B-ACC3-241B83F78F61}"
EndProject
Global
	GlobalSection(SolutionConfigurationPlatforms) = preSolution
		Debug|Any CPU = Debug|Any CPU
		Release|Any CPU = Release|Any CPU
	EndGlobalSection
	GlobalSection(ProjectConfigurationPlatforms) = postSolution
		{768D8074-8A8D-4C9F-B260-0DCDDB0BA8D1}.Debug|Any CPU.ActiveCfg = Debug|Any CPU
		{768D8074-8A8D-4C9F-B260-0DCDDB0BA8D1}.Debug|Any CPU.Build.0 = Debug|Any CPU
		{768D8074-8A8D-4C9F-B260-0DCDDB0BA8D1}.Release|Any CPU.ActiveCfg = Release|Any CPU
		{768D8074-8A8D-4C9F-B260-0DCDDB0BA8D1}.Release|Any CPU.Build.0 = Release|Any CPU
		{8A5F04E2-6704-437A-B339-F53B26365896}.Debug|Any CPU.ActiveCfg = Debug|Any CPU
		{8A5F04E2-6704-437A-B339-F53B26365896}.Debug|Any CPU.Build.0 = Debug|Any CPU
		{8A5F04E2-6704-437A-B339-F53B26365896}.Release|Any CPU.ActiveCfg = Release|Any CPU
		{8A5F04E2-6704-437A-B339-F53B26365896}.Release|Any CPU.Build.0 = Release|Any CPU
		{1B6FEB59-CCB1-4A36-96ED-85D137074D9A}.Debug|Any CPU.ActiveCfg = Debug|Any CPU
		{1B6FEB59-CCB1-4A36-96ED-85D137074D9A}.Debug|Any CPU.Build.0 = Debug|Any CPU
		{1B6FEB59-CCB1-4A36-96ED-85D137074D9A}.Release|Any CPU.ActiveCfg = Release|Any CPU
		{1B6FEB59-CCB1-4A36-96ED-85D137074D9A}.Release|Any CPU.Build.0 = Release|Any CPU
		{0F24CFE3-1149-4DC5-8FC7-8BF92FAF0B6D}.Debug|Any CPU.ActiveCfg = Debug|Any CPU
		{0F24CFE3-1149-4DC5-8FC7-8BF92FAF0B6D}.Debug|Any CPU.Build.0 = Debug|Any CPU
		{0F24CFE3-1149-4DC5-8FC7-8BF92FAF0B6D}.Release|Any CPU.ActiveCfg = Release|Any CPU
		{0F24CFE3-1149-4DC5-8FC7-8BF92FAF0B6D}.Release|Any CPU.Build.0 = Release|Any CPU
		{1E3FA2B8-C516-42C6-B845-68047D1DCD97}.Debug|Any CPU.ActiveCfg = Debug|Any CPU
		{1E3FA2B8-C516-42C6-B845-68047D1DCD97}.Debug|Any CPU.Build.0 = Debug|Any CPU
		{1E3FA2B8-C516-42C6-B845-68047D1DCD97}.Release|Any CPU.ActiveCfg = Release|Any CPU
		{1E3FA2B8-C516-42C6-B845-68047D1DCD97}.Release|Any CPU.Build.0 = Release|Any CPU
		{97EBC07B-E588-43F7-A9BB-8408F4FAEAF1}.Debug|Any CPU.ActiveCfg = Debug|Any CPU
		{97EBC07B-E588-43F7-A9BB-8408F4FAEAF1}.Debug|Any CPU.Build.0 = Debug|Any CPU
		{97EBC07B-E588-43F7-A9BB-8408F4FAEAF1}.Release|Any CPU.ActiveCfg = Release|Any CPU
		{97EBC07B-E588-43F7-A9BB-8408F4FAEAF1}.Release|Any CPU.Build.0 = Release|Any CPU
		{6E8EA3E1-4C14-4001-9D1D-F4595465169F}.Debug|Any CPU.ActiveCfg = Debug|Any CPU
		{6E8EA3E1-4C14-4001-9D1D-F4595465169F}.Debug|Any CPU.Build.0 = Debug|Any CPU
		{6E8EA3E1-4C14-4001-9D1D-F4595465169F}.Release|Any CPU.ActiveCfg = Release|Any CPU
		{6E8EA3E1-4C14-4001-9D1D-F4595465169F}.Release|Any CPU.Build.0 = Release|Any CPU
		{509C3925-9EDF-4C44-9B4C-B64342BBF9CE}.Debug|Any CPU.ActiveCfg = Debug|Any CPU
		{509C3925-9EDF-4C44-9B4C-B64342BBF9CE}.Debug|Any CPU.Build.0 = Debug|Any CPU
		{509C3925-9EDF-4C44-9B4C-B64342BBF9CE}.Release|Any CPU.ActiveCfg = Release|Any CPU
		{509C3925-9EDF-4C44-9B4C-B64342BBF9CE}.Release|Any CPU.Build.0 = Release|Any CPU
		{47C87776-5038-493B-ACC3-241B83F78F61}.Debug|Any CPU.ActiveCfg = Debug|Any CPU
		{47C87776-5038-493B-ACC3-241B83F78F61}.Debug|Any CPU.Build.0 = Debug|Any CPU
		{47C87776-5038-493B-ACC3-241B83F78F61}.Release|Any CPU.ActiveCfg = Release|Any CPU
		{47C87776-5038-493B-ACC3-241B83F78F61}.Release|Any CPU.Build.0 = Release|Any CPU
	EndGlobalSection
	GlobalSection(SolutionProperties) = preSolution
		HideSolutionNode = FALSE
	EndGlobalSection
EndGlobal
