
Microsoft Visual Studio Solution File, Format Version 12.00
# Visual Studio 2013
VisualStudioVersion = 12.0.31101.0
MinimumVisualStudioVersion = 10.0.40219.1
Project("{FAE04EC0-301F-11D3-BF4B-00C04F79EFBC}") = "00.Trees-Exercise", "00.Trees-Exercise\00.Trees-Exercise.csproj", "{2CB50F92-35AF-47E5-BA6F-02446AACD536}"
EndProject
Project("{FAE04EC0-301F-11D3-BF4B-00C04F79EFBC}") = "00.Trees-Exercise.Tests", "00.Trees-Exercise.Tests\00.Trees-Exercise.Tests.csproj", "{D852AD35-E7FC-499B-A913-11479BB76674}"
EndProject
Project("{FAE04EC0-301F-11D3-BF4B-00C04F79EFBC}") = "01.PlayWithTrees", "01.PlayWithTrees\01.PlayWithTrees.csproj", "{199838ED-69C3-4A2F-BFEB-975ED6CDA1DC}"
EndProject
Project("{FAE04EC0-301F-11D3-BF4B-00C04F79EFBC}") = "02.FileTraversal", "02.FileTraversal\02.FileTraversal.csproj", "{78D67CB7-8B4C-4EBB-A0D9-ADBC64FBF75F}"
EndProject
Project("{FAE04EC0-301F-11D3-BF4B-00C04F79EFBC}") = "03.ArithmeticExpression", "03.ArithmeticExpression\03.ArithmeticExpression.csproj", "{DB98F33F-C3F3-4CC8-BC48-4B23FDA31E49}"
EndProject
Global
	GlobalSection(SolutionConfigurationPlatforms) = preSolution
		Debug|Any CPU = Debug|Any CPU
		Release|Any CPU = Release|Any CPU
	EndGlobalSection
	GlobalSection(ProjectConfigurationPlatforms) = postSolution
		{2CB50F92-35AF-47E5-BA6F-02446AACD536}.Debug|Any CPU.ActiveCfg = Debug|Any CPU
		{2CB50F92-35AF-47E5-BA6F-02446AACD536}.Debug|Any CPU.Build.0 = Debug|Any CPU
		{2CB50F92-35AF-47E5-BA6F-02446AACD536}.Release|Any CPU.ActiveCfg = Release|Any CPU
		{2CB50F92-35AF-47E5-BA6F-02446AACD536}.Release|Any CPU.Build.0 = Release|Any CPU
		{D852AD35-E7FC-499B-A913-11479BB76674}.Debug|Any CPU.ActiveCfg = Debug|Any CPU
		{D852AD35-E7FC-499B-A913-11479BB76674}.Debug|Any CPU.Build.0 = Debug|Any CPU
		{D852AD35-E7FC-499B-A913-11479BB76674}.Release|Any CPU.ActiveCfg = Release|Any CPU
		{D852AD35-E7FC-499B-A913-11479BB76674}.Release|Any CPU.Build.0 = Release|Any CPU
		{199838ED-69C3-4A2F-BFEB-975ED6CDA1DC}.Debug|Any CPU.ActiveCfg = Debug|Any CPU
		{199838ED-69C3-4A2F-BFEB-975ED6CDA1DC}.Debug|Any CPU.Build.0 = Debug|Any CPU
		{199838ED-69C3-4A2F-BFEB-975ED6CDA1DC}.Release|Any CPU.ActiveCfg = Release|Any CPU
		{199838ED-69C3-4A2F-BFEB-975ED6CDA1DC}.Release|Any CPU.Build.0 = Release|Any CPU
		{78D67CB7-8B4C-4EBB-A0D9-ADBC64FBF75F}.Debug|Any CPU.ActiveCfg = Debug|Any CPU
		{78D67CB7-8B4C-4EBB-A0D9-ADBC64FBF75F}.Debug|Any CPU.Build.0 = Debug|Any CPU
		{78D67CB7-8B4C-4EBB-A0D9-ADBC64FBF75F}.Release|Any CPU.ActiveCfg = Release|Any CPU
		{78D67CB7-8B4C-4EBB-A0D9-ADBC64FBF75F}.Release|Any CPU.Build.0 = Release|Any CPU
		{DB98F33F-C3F3-4CC8-BC48-4B23FDA31E49}.Debug|Any CPU.ActiveCfg = Debug|Any CPU
		{DB98F33F-C3F3-4CC8-BC48-4B23FDA31E49}.Debug|Any CPU.Build.0 = Debug|Any CPU
		{DB98F33F-C3F3-4CC8-BC48-4B23FDA31E49}.Release|Any CPU.ActiveCfg = Release|Any CPU
		{DB98F33F-C3F3-4CC8-BC48-4B23FDA31E49}.Release|Any CPU.Build.0 = Release|Any CPU
	EndGlobalSection
	GlobalSection(SolutionProperties) = preSolution
		HideSolutionNode = FALSE
	EndGlobalSection
EndGlobal
