
Microsoft Visual Studio Solution File, Format Version 12.00
# Visual Studio 14
VisualStudioVersion = 14.0.23107.0
MinimumVisualStudioVersion = 10.0.40219.1
Project("{FAE04EC0-301F-11D3-BF4B-00C04F79EFBC}") = "PartOneGenVariationsWithRep", "PartOneGenVariationsWithRep\PartOneGenVariationsWithRep.csproj", "{0CE076F8-5C11-4537-832C-36ACDE5F76DD}"
EndProject
Project("{FAE04EC0-301F-11D3-BF4B-00C04F79EFBC}") = "PartTwoVariationsWithoutRep", "PartTwoVariationsWithoutRep\PartTwoVariationsWithoutRep.csproj", "{351B6293-8764-4B70-B3A3-FBDA7370C0F9}"
EndProject
Project("{FAE04EC0-301F-11D3-BF4B-00C04F79EFBC}") = "PartThreeGenCombinationsWithRep", "PartThreeGenCombinationsWithRep\PartThreeGenCombinationsWithRep.csproj", "{F446A59C-20BD-4CD5-AA11-8350F342F307}"
EndProject
Project("{FAE04EC0-301F-11D3-BF4B-00C04F79EFBC}") = "PartFourGenCombWithoutRepetition", "PartFourGenCombWithoutRepetition\PartFourGenCombWithoutRepetition.csproj", "{6BDFC515-BE3C-4C1D-924B-E2114E734C1D}"
EndProject
Global
	GlobalSection(SolutionConfigurationPlatforms) = preSolution
		Debug|Any CPU = Debug|Any CPU
		Release|Any CPU = Release|Any CPU
	EndGlobalSection
	GlobalSection(ProjectConfigurationPlatforms) = postSolution
		{0CE076F8-5C11-4537-832C-36ACDE5F76DD}.Debug|Any CPU.ActiveCfg = Debug|Any CPU
		{0CE076F8-5C11-4537-832C-36ACDE5F76DD}.Debug|Any CPU.Build.0 = Debug|Any CPU
		{0CE076F8-5C11-4537-832C-36ACDE5F76DD}.Release|Any CPU.ActiveCfg = Release|Any CPU
		{0CE076F8-5C11-4537-832C-36ACDE5F76DD}.Release|Any CPU.Build.0 = Release|Any CPU
		{351B6293-8764-4B70-B3A3-FBDA7370C0F9}.Debug|Any CPU.ActiveCfg = Debug|Any CPU
		{351B6293-8764-4B70-B3A3-FBDA7370C0F9}.Debug|Any CPU.Build.0 = Debug|Any CPU
		{351B6293-8764-4B70-B3A3-FBDA7370C0F9}.Release|Any CPU.ActiveCfg = Release|Any CPU
		{351B6293-8764-4B70-B3A3-FBDA7370C0F9}.Release|Any CPU.Build.0 = Release|Any CPU
		{F446A59C-20BD-4CD5-AA11-8350F342F307}.Debug|Any CPU.ActiveCfg = Debug|Any CPU
		{F446A59C-20BD-4CD5-AA11-8350F342F307}.Debug|Any CPU.Build.0 = Debug|Any CPU
		{F446A59C-20BD-4CD5-AA11-8350F342F307}.Release|Any CPU.ActiveCfg = Release|Any CPU
		{F446A59C-20BD-4CD5-AA11-8350F342F307}.Release|Any CPU.Build.0 = Release|Any CPU
		{6BDFC515-BE3C-4C1D-924B-E2114E734C1D}.Debug|Any CPU.ActiveCfg = Debug|Any CPU
		{6BDFC515-BE3C-4C1D-924B-E2114E734C1D}.Debug|Any CPU.Build.0 = Debug|Any CPU
		{6BDFC515-BE3C-4C1D-924B-E2114E734C1D}.Release|Any CPU.ActiveCfg = Release|Any CPU
		{6BDFC515-BE3C-4C1D-924B-E2114E734C1D}.Release|Any CPU.Build.0 = Release|Any CPU
	EndGlobalSection
	GlobalSection(SolutionProperties) = preSolution
		HideSolutionNode = FALSE
	EndGlobalSection
EndGlobal
