
Microsoft Visual Studio Solution File, Format Version 12.00
# Visual Studio 2013
VisualStudioVersion = 12.0.31101.0
MinimumVisualStudioVersion = 10.0.40219.1
Project("{FAE04EC0-301F-11D3-BF4B-00C04F79EFBC}") = "01.SumAndAverage", "01.SumAndAverage\01.SumAndAverage.csproj", "{46616DA6-100E-4623-9A03-705795E9F061}"
EndProject
Project("{FAE04EC0-301F-11D3-BF4B-00C04F79EFBC}") = "00.DoublyLinkedList", "00.DoublyLinkedList\00.DoublyLinkedList.csproj", "{2CB50F92-35AF-47E5-BA6F-02446AACD536}"
EndProject
Project("{FAE04EC0-301F-11D3-BF4B-00C04F79EFBC}") = "02.SortWords", "02.SortWords\02.SortWords.csproj", "{A4C023E0-B063-41F9-99AD-41F8B619A3DD}"
EndProject
Project("{FAE04EC0-301F-11D3-BF4B-00C04F79EFBC}") = "03.LongestSubsequence", "03.LongestSubsequence\03.LongestSubsequence.csproj", "{5E5C63F1-06EC-438C-AFBC-1B1826D53148}"
EndProject
Project("{FAE04EC0-301F-11D3-BF4B-00C04F79EFBC}") = "04.OddOccurences", "04.OddOccurences\04.OddOccurences.csproj", "{8AF46D51-B1EF-48E6-9B07-BE278C01B3F4}"
EndProject
Project("{FAE04EC0-301F-11D3-BF4B-00C04F79EFBC}") = "05.CountOfOccurences", "05.CountOfOccurences\05.CountOfOccurences.csproj", "{9C130531-BCD6-44B9-B0B7-12B1732B009B}"
EndProject
Project("{FAE04EC0-301F-11D3-BF4B-00C04F79EFBC}") = "06.ReversedList", "06.ReversedList\06.ReversedList.csproj", "{86C1C9D0-A608-4E5C-BA58-14F90F66EABE}"
EndProject
Project("{FAE04EC0-301F-11D3-BF4B-00C04F79EFBC}") = "07.LinkedList", "07.LinkedList\07.LinkedList.csproj", "{BFF26459-AF70-4B6A-B768-EC2CC0EBA21E}"
EndProject
Project("{FAE04EC0-301F-11D3-BF4B-00C04F79EFBC}") = "08.DistanceInLabyrinth", "08.DistanceInLabyrinth\08.DistanceInLabyrinth.csproj", "{58CEF05F-4BD0-4598-AD38-219C5AE269A1}"
EndProject
Global
	GlobalSection(SolutionConfigurationPlatforms) = preSolution
		Debug|Any CPU = Debug|Any CPU
		Release|Any CPU = Release|Any CPU
	EndGlobalSection
	GlobalSection(ProjectConfigurationPlatforms) = postSolution
		{46616DA6-100E-4623-9A03-705795E9F061}.Debug|Any CPU.ActiveCfg = Debug|Any CPU
		{46616DA6-100E-4623-9A03-705795E9F061}.Debug|Any CPU.Build.0 = Debug|Any CPU
		{46616DA6-100E-4623-9A03-705795E9F061}.Release|Any CPU.ActiveCfg = Release|Any CPU
		{46616DA6-100E-4623-9A03-705795E9F061}.Release|Any CPU.Build.0 = Release|Any CPU
		{2CB50F92-35AF-47E5-BA6F-02446AACD536}.Debug|Any CPU.ActiveCfg = Debug|Any CPU
		{2CB50F92-35AF-47E5-BA6F-02446AACD536}.Debug|Any CPU.Build.0 = Debug|Any CPU
		{2CB50F92-35AF-47E5-BA6F-02446AACD536}.Release|Any CPU.ActiveCfg = Release|Any CPU
		{2CB50F92-35AF-47E5-BA6F-02446AACD536}.Release|Any CPU.Build.0 = Release|Any CPU
		{A4C023E0-B063-41F9-99AD-41F8B619A3DD}.Debug|Any CPU.ActiveCfg = Debug|Any CPU
		{A4C023E0-B063-41F9-99AD-41F8B619A3DD}.Debug|Any CPU.Build.0 = Debug|Any CPU
		{A4C023E0-B063-41F9-99AD-41F8B619A3DD}.Release|Any CPU.ActiveCfg = Release|Any CPU
		{A4C023E0-B063-41F9-99AD-41F8B619A3DD}.Release|Any CPU.Build.0 = Release|Any CPU
		{5E5C63F1-06EC-438C-AFBC-1B1826D53148}.Debug|Any CPU.ActiveCfg = Debug|Any CPU
		{5E5C63F1-06EC-438C-AFBC-1B1826D53148}.Debug|Any CPU.Build.0 = Debug|Any CPU
		{5E5C63F1-06EC-438C-AFBC-1B1826D53148}.Release|Any CPU.ActiveCfg = Release|Any CPU
		{5E5C63F1-06EC-438C-AFBC-1B1826D53148}.Release|Any CPU.Build.0 = Release|Any CPU
		{8AF46D51-B1EF-48E6-9B07-BE278C01B3F4}.Debug|Any CPU.ActiveCfg = Debug|Any CPU
		{8AF46D51-B1EF-48E6-9B07-BE278C01B3F4}.Debug|Any CPU.Build.0 = Debug|Any CPU
		{8AF46D51-B1EF-48E6-9B07-BE278C01B3F4}.Release|Any CPU.ActiveCfg = Release|Any CPU
		{8AF46D51-B1EF-48E6-9B07-BE278C01B3F4}.Release|Any CPU.Build.0 = Release|Any CPU
		{9C130531-BCD6-44B9-B0B7-12B1732B009B}.Debug|Any CPU.ActiveCfg = Debug|Any CPU
		{9C130531-BCD6-44B9-B0B7-12B1732B009B}.Debug|Any CPU.Build.0 = Debug|Any CPU
		{9C130531-BCD6-44B9-B0B7-12B1732B009B}.Release|Any CPU.ActiveCfg = Release|Any CPU
		{9C130531-BCD6-44B9-B0B7-12B1732B009B}.Release|Any CPU.Build.0 = Release|Any CPU
		{86C1C9D0-A608-4E5C-BA58-14F90F66EABE}.Debug|Any CPU.ActiveCfg = Debug|Any CPU
		{86C1C9D0-A608-4E5C-BA58-14F90F66EABE}.Debug|Any CPU.Build.0 = Debug|Any CPU
		{86C1C9D0-A608-4E5C-BA58-14F90F66EABE}.Release|Any CPU.ActiveCfg = Release|Any CPU
		{86C1C9D0-A608-4E5C-BA58-14F90F66EABE}.Release|Any CPU.Build.0 = Release|Any CPU
		{BFF26459-AF70-4B6A-B768-EC2CC0EBA21E}.Debug|Any CPU.ActiveCfg = Debug|Any CPU
		{BFF26459-AF70-4B6A-B768-EC2CC0EBA21E}.Debug|Any CPU.Build.0 = Debug|Any CPU
		{BFF26459-AF70-4B6A-B768-EC2CC0EBA21E}.Release|Any CPU.ActiveCfg = Release|Any CPU
		{BFF26459-AF70-4B6A-B768-EC2CC0EBA21E}.Release|Any CPU.Build.0 = Release|Any CPU
		{58CEF05F-4BD0-4598-AD38-219C5AE269A1}.Debug|Any CPU.ActiveCfg = Debug|Any CPU
		{58CEF05F-4BD0-4598-AD38-219C5AE269A1}.Debug|Any CPU.Build.0 = Debug|Any CPU
		{58CEF05F-4BD0-4598-AD38-219C5AE269A1}.Release|Any CPU.ActiveCfg = Release|Any CPU
		{58CEF05F-4BD0-4598-AD38-219C5AE269A1}.Release|Any CPU.Build.0 = Release|Any CPU
	EndGlobalSection
	GlobalSection(SolutionProperties) = preSolution
		HideSolutionNode = FALSE
	EndGlobalSection
EndGlobal
